
Microsoft Visual Studio Solution File, Format Version 12.00
# Visual Studio Version 17
VisualStudioVersion = 17.10.35027.167
MinimumVisualStudioVersion = 10.0.40219.1
Project("{2150E333-8FDC-42A3-9474-1A3956D46DE8}") = "CleanArchitecture", "CleanArchitecture", "{56CFE3E2-EEEB-4640-AF53-CB5420BEF447}"
EndProject
Project("{2150E333-8FDC-42A3-9474-1A3956D46DE8}") = "src", "src", "{A10BB19A-5254-4284-A0AB-19083D675D81}"
EndProject
Project("{2150E333-8FDC-42A3-9474-1A3956D46DE8}") = "Test", "Test", "{92E68384-D0F0-4AA0-BACF-F73B8146C4E6}"
EndProject
Project("{2150E333-8FDC-42A3-9474-1A3956D46DE8}") = "Core", "Core", "{23B1EB3F-11E7-4C56-A61D-6DC29214BE67}"
EndProject
Project("{9A19103F-16F7-4668-BE54-9A1E7A4F7556}") = "App.Domain", "App.Domain\App.Domain.csproj", "{52C3D951-8695-45EA-B5A3-E5CB3CD1E39C}"
EndProject
Project("{9A19103F-16F7-4668-BE54-9A1E7A4F7556}") = "App.Application", "App.Application\App.Application.csproj", "{3734E77E-CB23-40CE-A9CD-5EF6B83485AC}"
EndProject
Project("{2150E333-8FDC-42A3-9474-1A3956D46DE8}") = "Infrastructure", "Infrastructure", "{926001F4-7FA1-4BC2-98B5-7817CF46991B}"
EndProject
Project("{9A19103F-16F7-4668-BE54-9A1E7A4F7556}") = "App.Persistence", "App.Persistence\App.Persistence.csproj", "{3ACB6145-1CBC-474D-AB9F-B442EE540FFD}"
EndProject
Project("{2150E333-8FDC-42A3-9474-1A3956D46DE8}") = "API", "API", "{B9188382-EB0B-4DD7-95E3-D8C8B36F9E3D}"
EndProject
Project("{2150E333-8FDC-42A3-9474-1A3956D46DE8}") = "Repository", "Repository", "{F9BC7793-1E6E-4D1A-8870-3866374B79E4}"
EndProject
Project("{FAE04EC0-301F-11D3-BF4B-00C04F79EFBC}") = "CApp.API", "CApp.API\CApp.API.csproj", "{4B4D8A7A-D866-45DE-9322-A009D2FD8806}"
EndProject
Global
	GlobalSection(SolutionConfigurationPlatforms) = preSolution
		Debug|Any CPU = Debug|Any CPU
		Release|Any CPU = Release|Any CPU
	EndGlobalSection
	GlobalSection(ProjectConfigurationPlatforms) = postSolution
		{52C3D951-8695-45EA-B5A3-E5CB3CD1E39C}.Debug|Any CPU.ActiveCfg = Debug|Any CPU
		{52C3D951-8695-45EA-B5A3-E5CB3CD1E39C}.Debug|Any CPU.Build.0 = Debug|Any CPU
		{52C3D951-8695-45EA-B5A3-E5CB3CD1E39C}.Release|Any CPU.ActiveCfg = Release|Any CPU
		{52C3D951-8695-45EA-B5A3-E5CB3CD1E39C}.Release|Any CPU.Build.0 = Release|Any CPU
		{3734E77E-CB23-40CE-A9CD-5EF6B83485AC}.Debug|Any CPU.ActiveCfg = Debug|Any CPU
		{3734E77E-CB23-40CE-A9CD-5EF6B83485AC}.Debug|Any CPU.Build.0 = Debug|Any CPU
		{3734E77E-CB23-40CE-A9CD-5EF6B83485AC}.Release|Any CPU.ActiveCfg = Release|Any CPU
		{3734E77E-CB23-40CE-A9CD-5EF6B83485AC}.Release|Any CPU.Build.0 = Release|Any CPU
		{3ACB6145-1CBC-474D-AB9F-B442EE540FFD}.Debug|Any CPU.ActiveCfg = Debug|Any CPU
		{3ACB6145-1CBC-474D-AB9F-B442EE540FFD}.Debug|Any CPU.Build.0 = Debug|Any CPU
		{3ACB6145-1CBC-474D-AB9F-B442EE540FFD}.Release|Any CPU.ActiveCfg = Release|Any CPU
		{3ACB6145-1CBC-474D-AB9F-B442EE540FFD}.Release|Any CPU.Build.0 = Release|Any CPU
		{4B4D8A7A-D866-45DE-9322-A009D2FD8806}.Debug|Any CPU.ActiveCfg = Debug|Any CPU
		{4B4D8A7A-D866-45DE-9322-A009D2FD8806}.Debug|Any CPU.Build.0 = Debug|Any CPU
		{4B4D8A7A-D866-45DE-9322-A009D2FD8806}.Release|Any CPU.ActiveCfg = Release|Any CPU
		{4B4D8A7A-D866-45DE-9322-A009D2FD8806}.Release|Any CPU.Build.0 = Release|Any CPU
	EndGlobalSection
	GlobalSection(SolutionProperties) = preSolution
		HideSolutionNode = FALSE
	EndGlobalSection
	GlobalSection(NestedProjects) = preSolution
		{A10BB19A-5254-4284-A0AB-19083D675D81} = {56CFE3E2-EEEB-4640-AF53-CB5420BEF447}
		{92E68384-D0F0-4AA0-BACF-F73B8146C4E6} = {56CFE3E2-EEEB-4640-AF53-CB5420BEF447}
		{23B1EB3F-11E7-4C56-A61D-6DC29214BE67} = {A10BB19A-5254-4284-A0AB-19083D675D81}
		{52C3D951-8695-45EA-B5A3-E5CB3CD1E39C} = {23B1EB3F-11E7-4C56-A61D-6DC29214BE67}
		{3734E77E-CB23-40CE-A9CD-5EF6B83485AC} = {23B1EB3F-11E7-4C56-A61D-6DC29214BE67}
		{926001F4-7FA1-4BC2-98B5-7817CF46991B} = {A10BB19A-5254-4284-A0AB-19083D675D81}
		{3ACB6145-1CBC-474D-AB9F-B442EE540FFD} = {926001F4-7FA1-4BC2-98B5-7817CF46991B}
		{B9188382-EB0B-4DD7-95E3-D8C8B36F9E3D} = {A10BB19A-5254-4284-A0AB-19083D675D81}
		{F9BC7793-1E6E-4D1A-8870-3866374B79E4} = {926001F4-7FA1-4BC2-98B5-7817CF46991B}
		{4B4D8A7A-D866-45DE-9322-A009D2FD8806} = {B9188382-EB0B-4DD7-95E3-D8C8B36F9E3D}
	EndGlobalSection
	GlobalSection(ExtensibilityGlobals) = postSolution
		SolutionGuid = {C565A2F9-7944-4730-BC77-CD85777949F5}
	EndGlobalSection
EndGlobal
